// !$*UTF8*$!
{
	archiveVersion = 1;
	classes = {
	};
	objectVersion = 56;
	objects = {

/* Begin PBXBuildFile section */
		2B9630A32B143F14002E853B /* Sex_StoriesApp.swift in Sources */ = {isa = PBXBuildFile; fileRef = 2B9630A22B143F14002E853B /* Sex_StoriesApp.swift */; };
		2B9630A52B143F14002E853B /* ContentView.swift in Sources */ = {isa = PBXBuildFile; fileRef = 2B9630A42B143F14002E853B /* ContentView.swift */; };
		2B9630A72B143F15002E853B /* Assets.xcassets in Resources */ = {isa = PBXBuildFile; fileRef = 2B9630A62B143F15002E853B /* Assets.xcassets */; };
		2B9630AB2B143F15002E853B /* Preview Assets.xcassets in Resources */ = {isa = PBXBuildFile; fileRef = 2B9630AA2B143F15002E853B /* Preview Assets.xcassets */; };
		2B9630B32B143F52002E853B /* SwiftSoup in Frameworks */ = {isa = PBXBuildFile; productRef = 2B9630B22B143F52002E853B /* SwiftSoup */; };
		2B9630B52B143F6C002E853B /* ScrapperViewModel.swift in Sources */ = {isa = PBXBuildFile; fileRef = 2B9630B42B143F6C002E853B /* ScrapperViewModel.swift */; };
		2B9630B92B14505C002E853B /* ResponsiveView.swift in Sources */ = {isa = PBXBuildFile; fileRef = 2B9630B82B14505C002E853B /* ResponsiveView.swift */; };
		2B9630BD2B145080002E853B /* SidebarView.swift in Sources */ = {isa = PBXBuildFile; fileRef = 2B9630BC2B145080002E853B /* SidebarView.swift */; };
		2B9630BF2B145084002E853B /* RouterView.swift in Sources */ = {isa = PBXBuildFile; fileRef = 2B9630BE2B145084002E853B /* RouterView.swift */; };
		2B9630C12B145089002E853B /* HeaderView.swift in Sources */ = {isa = PBXBuildFile; fileRef = 2B9630C02B145089002E853B /* HeaderView.swift */; };
		2B9630C32B1450C7002E853B /* AppPagesModel.swift in Sources */ = {isa = PBXBuildFile; fileRef = 2B9630C22B1450C7002E853B /* AppPagesModel.swift */; };
		2B9630C52B1450CA002E853B /* AppProperties.swift in Sources */ = {isa = PBXBuildFile; fileRef = 2B9630C42B1450CA002E853B /* AppProperties.swift */; };
		2B9630D02B999001002E853B /* StoryReaderView.swift in Sources */ = {isa = PBXBuildFile; fileRef = 2B9630D12B999001002E853B /* StoryReaderView.swift */; };
		2B9630D22B999001002E853B /* StoryReaderViewModel.swift in Sources */ = {isa = PBXBuildFile; fileRef = 2B9630D32B999001002E853B /* StoryReaderViewModel.swift */; };
		BBFF7F712F9357B500FAB220 /* SettingsView.swift in Sources */ = {isa = PBXBuildFile; fileRef = BBFF7F702F9357B500FAB220 /* SettingsView.swift */; };
		BBFF7F772F936FD500FAB220 /* LibraryView.swift in Sources */ = {isa = PBXBuildFile; fileRef = BBFF7F762F936FD500FAB220 /* LibraryView.swift */; };
		BBFF7F7E2F937A2500FAB220 /* ReaderBookmarkStore.swift in Sources */ = {isa = PBXBuildFile; fileRef = BBFF7F7D2F937A2500FAB220 /* ReaderBookmarkStore.swift */; };
		BBFF7F832F9494CC00FAB220 /* ReaderBookmark.swift in Sources */ = {isa = PBXBuildFile; fileRef = BBFF7F7F2F9494CC00FAB220 /* ReaderBookmark.swift */; };
		BBFF7F842F9494CC00FAB220 /* StoryCacheModels.swift in Sources */ = {isa = PBXBuildFile; fileRef = BBFF7F812F9494CC00FAB220 /* StoryCacheModels.swift */; };
		BBFF7F852F9494CC00FAB220 /* ReaderPreferences.swift in Sources */ = {isa = PBXBuildFile; fileRef = BBFF7F802F9494CC00FAB220 /* ReaderPreferences.swift */; };
		D1A7C6EB2F9B000100000001 /* StoryCacheStore.swift in Sources */ = {isa = PBXBuildFile; fileRef = D1A7C6EA2F9B000100000001 /* StoryCacheStore.swift */; };
/* End PBXBuildFile section */

/* Begin PBXFileReference section */
		2B96309F2B143F14002E853B /* Sex Stories.app */ = {isa = PBXFileReference; explicitFileType = wrapper.application; includeInIndex = 0; path = "Sex Stories.app"; sourceTree = BUILT_PRODUCTS_DIR; };
		2B9630A22B143F14002E853B /* Sex_StoriesApp.swift */ = {isa = PBXFileReference; lastKnownFileType = sourcecode.swift; path = Sex_StoriesApp.swift; sourceTree = "<group>"; };
		2B9630A42B143F14002E853B /* ContentView.swift */ = {isa = PBXFileReference; lastKnownFileType = sourcecode.swift; path = ContentView.swift; sourceTree = "<group>"; };
		2B9630A62B143F15002E853B /* Assets.xcassets */ = {isa = PBXFileReference; lastKnownFileType = folder.assetcatalog; path = Assets.xcassets; sourceTree = "<group>"; };
		2B9630A82B143F15002E853B /* Sex_Stories.entitlements */ = {isa = PBXFileReference; lastKnownFileType = text.plist.entitlements; path = Sex_Stories.entitlements; sourceTree = "<group>"; };
		2B9630AA2B143F15002E853B /* Preview Assets.xcassets */ = {isa = PBXFileReference; lastKnownFileType = folder.assetcatalog; path = "Preview Assets.xcassets"; sourceTree = "<group>"; };
		2B9630B42B143F6C002E853B /* ScrapperViewModel.swift */ = {isa = PBXFileReference; lastKnownFileType = sourcecode.swift; path = ScrapperViewModel.swift; sourceTree = "<group>"; };
		2B9630B82B14505C002E853B /* ResponsiveView.swift */ = {isa = PBXFileReference; fileEncoding = 4; lastKnownFileType = sourcecode.swift; path = ResponsiveView.swift; sourceTree = "<group>"; };
		2B9630BC2B145080002E853B /* SidebarView.swift */ = {isa = PBXFileReference; fileEncoding = 4; lastKnownFileType = sourcecode.swift; path = SidebarView.swift; sourceTree = "<group>"; };
		2B9630BE2B145084002E853B /* RouterView.swift */ = {isa = PBXFileReference; fileEncoding = 4; lastKnownFileType = sourcecode.swift; path = RouterView.swift; sourceTree = "<group>"; };
		2B9630C02B145089002E853B /* HeaderView.swift */ = {isa = PBXFileReference; fileEncoding = 4; lastKnownFileType = sourcecode.swift; path = HeaderView.swift; sourceTree = "<group>"; };
		2B9630C22B1450C7002E853B /* AppPagesModel.swift */ = {isa = PBXFileReference; fileEncoding = 4; lastKnownFileType = sourcecode.swift; path = AppPagesModel.swift; sourceTree = "<group>"; };
		2B9630C42B1450CA002E853B /* AppProperties.swift */ = {isa = PBXFileReference; fileEncoding = 4; lastKnownFileType = sourcecode.swift; path = AppProperties.swift; sourceTree = "<group>"; };
		2B9630D12B999001002E853B /* StoryReaderView.swift */ = {isa = PBXFileReference; lastKnownFileType = sourcecode.swift; path = StoryReaderView.swift; sourceTree = "<group>"; };
		2B9630D32B999001002E853B /* StoryReaderViewModel.swift */ = {isa = PBXFileReference; lastKnownFileType = sourcecode.swift; path = StoryReaderViewModel.swift; sourceTree = "<group>"; };
		BBFF7F702F9357B500FAB220 /* SettingsView.swift */ = {isa = PBXFileReference; lastKnownFileType = sourcecode.swift; path = SettingsView.swift; sourceTree = "<group>"; };
		BBFF7F762F936FD500FAB220 /* LibraryView.swift */ = {isa = PBXFileReference; lastKnownFileType = sourcecode.swift; path = LibraryView.swift; sourceTree = "<group>"; };
		BBFF7F7D2F937A2500FAB220 /* ReaderBookmarkStore.swift */ = {isa = PBXFileReference; lastKnownFileType = sourcecode.swift; path = ReaderBookmarkStore.swift; sourceTree = "<group>"; };
		BBFF7F7F2F9494CC00FAB220 /* ReaderBookmark.swift */ = {isa = PBXFileReference; lastKnownFileType = sourcecode.swift; path = ReaderBookmark.swift; sourceTree = "<group>"; };
		BBFF7F802F9494CC00FAB220 /* ReaderPreferences.swift */ = {isa = PBXFileReference; lastKnownFileType = sourcecode.swift; path = ReaderPreferences.swift; sourceTree = "<group>"; };
		BBFF7F812F9494CC00FAB220 /* StoryCacheModels.swift */ = {isa = PBXFileReference; lastKnownFileType = sourcecode.swift; path = StoryCacheModels.swift; sourceTree = "<group>"; };
		D1A7C6EA2F9B000100000001 /* StoryCacheStore.swift */ = {isa = PBXFileReference; lastKnownFileType = sourcecode.swift; path = StoryCacheStore.swift; sourceTree = "<group>"; };
/* End PBXFileReference section */

/* Begin PBXFrameworksBuildPhase section */
		2B96309C2B143F14002E853B /* Frameworks */ = {
			isa = PBXFrameworksBuildPhase;
			buildActionMask = 2147483647;
			files = (
				2B9630B32B143F52002E853B /* SwiftSoup in Frameworks */,
			);
			runOnlyForDeploymentPostprocessing = 0;
		};
/* End PBXFrameworksBuildPhase section */

/* Begin PBXGroup section */
		2B9630962B143F14002E853B = {
			isa = PBXGroup;
			children = (
				2B9630A12B143F14002E853B /* Sex Stories */,
				2B9630A02B143F14002E853B /* Products */,
			);
			sourceTree = "<group>";
		};
		2B9630A02B143F14002E853B /* Products */ = {
			isa = PBXGroup;
			children = (
				2B96309F2B143F14002E853B /* Sex Stories.app */,
			);
			name = Products;
			sourceTree = "<group>";
		};
		2B9630A12B143F14002E853B /* Sex Stories */ = {
			isa = PBXGroup;
			children = (
				BBFF7F822F9494CC00FAB220 /* Models */,
				2B9630B62B145000002E853B /* View Models */,
				D1A7C6E72F9B000100000001 /* Services */,
				2B9630B72B145008002E853B /* Views */,
				2B9630A22B143F14002E853B /* Sex_StoriesApp.swift */,
				2B9630A62B143F15002E853B /* Assets.xcassets */,
				2B9630A82B143F15002E853B /* Sex_Stories.entitlements */,
				2B9630A92B143F15002E853B /* Preview Content */,
			);
			path = "Sex Stories";
			sourceTree = "<group>";
		};
		2B9630A92B143F15002E853B /* Preview Content */ = {
			isa = PBXGroup;
			children = (
				2B9630AA2B143F15002E853B /* Preview Assets.xcassets */,
			);
			path = "Preview Content";
			sourceTree = "<group>";
		};
		2B9630B62B145000002E853B /* View Models */ = {
			isa = PBXGroup;
			children = (
				2B9630C42B1450CA002E853B /* AppProperties.swift */,
				2B9630C22B1450C7002E853B /* AppPagesModel.swift */,
				2B9630B42B143F6C002E853B /* ScrapperViewModel.swift */,
				2B9630D32B999001002E853B /* StoryReaderViewModel.swift */,
			);
			path = "View Models";
			sourceTree = "<group>";
		};
		2B9630B72B145008002E853B /* Views */ = {
			isa = PBXGroup;
			children = (
				2B9630BB2B145073002E853B /* Router Views */,
				2B9630BA2B14506D002E853B /* Menu Views */,
				2B9630B82B14505C002E853B /* ResponsiveView.swift */,
				2B9630A42B143F14002E853B /* ContentView.swift */,
				2B9630D12B999001002E853B /* StoryReaderView.swift */,
				BBFF7F702F9357B500FAB220 /* SettingsView.swift */,
			);
			path = Views;
			sourceTree = "<group>";
		};
		2B9630BA2B14506D002E853B /* Menu Views */ = {
			isa = PBXGroup;
			children = (
				2B9630BC2B145080002E853B /* SidebarView.swift */,
			);
			path = "Menu Views";
			sourceTree = "<group>";
		};
		2B9630BB2B145073002E853B /* Router Views */ = {
			isa = PBXGroup;
			children = (
				BBFF7F762F936FD500FAB220 /* LibraryView.swift */,
				2B9630BE2B145084002E853B /* RouterView.swift */,
				2B9630C02B145089002E853B /* HeaderView.swift */,
			);
			path = "Router Views";
			sourceTree = "<group>";
		};
		BBFF7F822F9494CC00FAB220 /* Models */ = {
			isa = PBXGroup;
			children = (
				BBFF7F7F2F9494CC00FAB220 /* ReaderBookmark.swift */,
				BBFF7F802F9494CC00FAB220 /* ReaderPreferences.swift */,
				BBFF7F812F9494CC00FAB220 /* StoryCacheModels.swift */,
			);
			path = Models;
			sourceTree = "<group>";
		};
		D1A7C6E72F9B000100000001 /* Services */ = {
			isa = PBXGroup;
			children = (
				BBFF7F7D2F937A2500FAB220 /* ReaderBookmarkStore.swift */,
				D1A7C6EA2F9B000100000001 /* StoryCacheStore.swift */,
			);
			path = Services;
			sourceTree = "<group>";
		};
/* End PBXGroup section */

/* Begin PBXNativeTarget section */
		2B96309E2B143F14002E853B /* Sex Stories */ = {
			isa = PBXNativeTarget;
			buildConfigurationList = 2B9630AE2B143F15002E853B /* Build configuration list for PBXNativeTarget "Sex Stories" */;
			buildPhases = (
				2B96309B2B143F14002E853B /* Sources */,
				2B96309C2B143F14002E853B /* Frameworks */,
				2B96309D2B143F14002E853B /* Resources */,
			);
			buildRules = (
			);
			dependencies = (
			);
			name = "Sex Stories";
			packageProductDependencies = (
				2B9630B22B143F52002E853B /* SwiftSoup */,
			);
			productName = "Sex Stories";
			productReference = 2B96309F2B143F14002E853B /* Sex Stories.app */;
			productType = "com.apple.product-type.application";
		};
/* End PBXNativeTarget section */

/* Begin PBXProject section */
		2B9630972B143F14002E853B /* Project object */ = {
			isa = PBXProject;
			attributes = {
				BuildIndependentTargetsInParallel = 1;
				LastSwiftUpdateCheck = 1500;
				LastUpgradeCheck = 2600;
				TargetAttributes = {
					2B96309E2B143F14002E853B = {
						CreatedOnToolsVersion = 15.0;
					};
				};
			};
			buildConfigurationList = 2B96309A2B143F14002E853B /* Build configuration list for PBXProject "Sex Stories" */;
			compatibilityVersion = "Xcode 14.0";
			developmentRegion = en;
			hasScannedForEncodings = 0;
			knownRegions = (
				en,
				Base,
			);
			mainGroup = 2B9630962B143F14002E853B;
			packageReferences = (
				2B9630B12B143F52002E853B /* XCRemoteSwiftPackageReference "SwiftSoup" */,
			);
			productRefGroup = 2B9630A02B143F14002E853B /* Products */;
			projectDirPath = "";
			projectRoot = "";
			targets = (
				2B96309E2B143F14002E853B /* Sex Stories */,
			);
		};
/* End PBXProject section */

/* Begin PBXResourcesBuildPhase section */
		2B96309D2B143F14002E853B /* Resources */ = {
			isa = PBXResourcesBuildPhase;
			buildActionMask = 2147483647;
			files = (
				2B9630AB2B143F15002E853B /* Preview Assets.xcassets in Resources */,
				2B9630A72B143F15002E853B /* Assets.xcassets in Resources */,
			);
			runOnlyForDeploymentPostprocessing = 0;
		};
/* End PBXResourcesBuildPhase section */

/* Begin PBXSourcesBuildPhase section */
		2B96309B2B143F14002E853B /* Sources */ = {
			isa = PBXSourcesBuildPhase;
			buildActionMask = 2147483647;
			files = (
				2B9630C52B1450CA002E853B /* AppProperties.swift in Sources */,
				2B9630C32B1450C7002E853B /* AppPagesModel.swift in Sources */,
				2B9630B92B14505C002E853B /* ResponsiveView.swift in Sources */,
				2B9630B52B143F6C002E853B /* ScrapperViewModel.swift in Sources */,
				2B9630BD2B145080002E853B /* SidebarView.swift in Sources */,
				2B9630BF2B145084002E853B /* RouterView.swift in Sources */,
				2B9630A52B143F14002E853B /* ContentView.swift in Sources */,
				2B9630A32B143F14002E853B /* Sex_StoriesApp.swift in Sources */,
				2B9630C12B145089002E853B /* HeaderView.swift in Sources */,
				BBFF7F832F9494CC00FAB220 /* ReaderBookmark.swift in Sources */,
				BBFF7F842F9494CC00FAB220 /* StoryCacheModels.swift in Sources */,
				BBFF7F852F9494CC00FAB220 /* ReaderPreferences.swift in Sources */,
				BBFF7F712F9357B500FAB220 /* SettingsView.swift in Sources */,
				2B9630D02B999001002E853B /* StoryReaderView.swift in Sources */,
				BBFF7F7E2F937A2500FAB220 /* ReaderBookmarkStore.swift in Sources */,
				2B9630D22B999001002E853B /* StoryReaderViewModel.swift in Sources */,
				BBFF7F772F936FD500FAB220 /* LibraryView.swift in Sources */,
				D1A7C6EB2F9B000100000001 /* StoryCacheStore.swift in Sources */,
			);
			runOnlyForDeploymentPostprocessing = 0;
		};
/* End PBXSourcesBuildPhase section */

/* Begin XCBuildConfiguration section */
		2B9630AC2B143F15002E853B /* Debug */ = {
			isa = XCBuildConfiguration;
			buildSettings = {
				ALWAYS_SEARCH_USER_PATHS = NO;
				ASSETCATALOG_COMPILER_GENERATE_SWIFT_ASSET_SYMBOL_EXTENSIONS = YES;
				CLANG_ANALYZER_NONNULL = YES;
				CLANG_ANALYZER_NUMBER_OBJECT_CONVERSION = YES_AGGRESSIVE;
				CLANG_CXX_LANGUAGE_STANDARD = "gnu++20";
				CLANG_ENABLE_MODULES = YES;
				CLANG_ENABLE_OBJC_ARC = YES;
				CLANG_ENABLE_OBJC_WEAK = YES;
				CLANG_WARN_BLOCK_CAPTURE_AUTORELEASING = YES;
				CLANG_WARN_BOOL_CONVERSION = YES;
				CLANG_WARN_COMMA = YES;
				CLANG_WARN_CONSTANT_CONVERSION = YES;
				CLANG_WARN_DEPRECATED_OBJC_IMPLEMENTATIONS = YES;
				CLANG_WARN_DIRECT_OBJC_ISA_USAGE = YES_ERROR;
				CLANG_WARN_DOCUMENTATION_COMMENTS = YES;
				CLANG_WARN_EMPTY_BODY = YES;
				CLANG_WARN_ENUM_CONVERSION = YES;
				CLANG_WARN_INFINITE_RECURSION = YES;
				CLANG_WARN_INT_CONVERSION = YES;
				CLANG_WARN_NON_LITERAL_NULL_CONVERSION = YES;
				CLANG_WARN_OBJC_IMPLICIT_RETAIN_SELF = YES;
				CLANG_WARN_OBJC_LITERAL_CONVERSION = YES;
				CLANG_WARN_OBJC_ROOT_CLASS = YES_ERROR;
				CLANG_WARN_QUOTED_INCLUDE_IN_FRAMEWORK_HEADER = YES;
				CLANG_WARN_RANGE_LOOP_ANALYSIS = YES;
				CLANG_WARN_STRICT_PROTOTYPES = YES;
				CLANG_WARN_SUSPICIOUS_MOVE = YES;
				CLANG_WARN_UNGUARDED_AVAILABILITY = YES_AGGRESSIVE;
				CLANG_WARN_UNREACHABLE_CODE = YES;
				CLANG_WARN__DUPLICATE_METHOD_MATCH = YES;
				COPY_PHASE_STRIP = NO;
				DEAD_CODE_STRIPPING = YES;
				DEBUG_INFORMATION_FORMAT = dwarf;
				DEVELOPMENT_TEAM = GNTHX6WSUW;
				ENABLE_STRICT_OBJC_MSGSEND = YES;
				ENABLE_TESTABILITY = YES;
				ENABLE_USER_SCRIPT_SANDBOXING = YES;
				GCC_C_LANGUAGE_STANDARD = gnu17;
				GCC_DYNAMIC_NO_PIC = NO;
				GCC_NO_COMMON_BLOCKS = YES;
				GCC_OPTIMIZATION_LEVEL = 0;
				GCC_PREPROCESSOR_DEFINITIONS = (
					"DEBUG=1",
					"$(inherited)",
				);
				GCC_WARN_64_TO_32_BIT_CONVERSION = YES;
				GCC_WARN_ABOUT_RETURN_TYPE = YES_ERROR;
				GCC_WARN_UNDECLARED_SELECTOR = YES;
				GCC_WARN_UNINITIALIZED_AUTOS = YES_AGGRESSIVE;
				GCC_WARN_UNUSED_FUNCTION = YES;
				GCC_WARN_UNUSED_VARIABLE = YES;
				LOCALIZATION_PREFERS_STRING_CATALOGS = YES;
				MTL_ENABLE_DEBUG_INFO = INCLUDE_SOURCE;
				MTL_FAST_MATH = YES;
				ONLY_ACTIVE_ARCH = YES;
				STRING_CATALOG_GENERATE_SYMBOLS = YES;
				SWIFT_ACTIVE_COMPILATION_CONDITIONS = "DEBUG $(inherited)";
				SWIFT_OPTIMIZATION_LEVEL = "-Onone";
			};
			name = Debug;
		};
		2B9630AD2B143F15002E853B /* Release */ = {
			isa = XCBuildConfiguration;
			buildSettings = {
				ALWAYS_SEARCH_USER_PATHS = NO;
				ASSETCATALOG_COMPILER_GENERATE_SWIFT_ASSET_SYMBOL_EXTENSIONS = YES;
				CLANG_ANALYZER_NONNULL = YES;
				CLANG_ANALYZER_NUMBER_OBJECT_CONVERSION = YES_AGGRESSIVE;
				CLANG_CXX_LANGUAGE_STANDARD = "gnu++20";
				CLANG_ENABLE_MODULES = YES;
				CLANG_ENABLE_OBJC_ARC = YES;
				CLANG_ENABLE_OBJC_WEAK = YES;
				CLANG_WARN_BLOCK_CAPTURE_AUTORELEASING = YES;
				CLANG_WARN_BOOL_CONVERSION = YES;
				CLANG_WARN_COMMA = YES;
				CLANG_WARN_CONSTANT_CONVERSION = YES;
				CLANG_WARN_DEPRECATED_OBJC_IMPLEMENTATIONS = YES;
				CLANG_WARN_DIRECT_OBJC_ISA_USAGE = YES_ERROR;
				CLANG_WARN_DOCUMENTATION_COMMENTS = YES;
				CLANG_WARN_EMPTY_BODY = YES;
				CLANG_WARN_ENUM_CONVERSION = YES;
				CLANG_WARN_INFINITE_RECURSION = YES;
				CLANG_WARN_INT_CONVERSION = YES;
				CLANG_WARN_NON_LITERAL_NULL_CONVERSION = YES;
				CLANG_WARN_OBJC_IMPLICIT_RETAIN_SELF = YES;
				CLANG_WARN_OBJC_LITERAL_CONVERSION = YES;
				CLANG_WARN_OBJC_ROOT_CLASS = YES_ERROR;
				CLANG_WARN_QUOTED_INCLUDE_IN_FRAMEWORK_HEADER = YES;
				CLANG_WARN_RANGE_LOOP_ANALYSIS = YES;
				CLANG_WARN_STRICT_PROTOTYPES = YES;
				CLANG_WARN_SUSPICIOUS_MOVE = YES;
				CLANG_WARN_UNGUARDED_AVAILABILITY = YES_AGGRESSIVE;
				CLANG_WARN_UNREACHABLE_CODE = YES;
				CLANG_WARN__DUPLICATE_METHOD_MATCH = YES;
				COPY_PHASE_STRIP = NO;
				DEAD_CODE_STRIPPING = YES;
				DEBUG_INFORMATION_FORMAT = "dwarf-with-dsym";
				DEVELOPMENT_TEAM = GNTHX6WSUW;
				ENABLE_NS_ASSERTIONS = NO;
				ENABLE_STRICT_OBJC_MSGSEND = YES;
				ENABLE_USER_SCRIPT_SANDBOXING = YES;
				GCC_C_LANGUAGE_STANDARD = gnu17;
				GCC_NO_COMMON_BLOCKS = YES;
				GCC_WARN_64_TO_32_BIT_CONVERSION = YES;
				GCC_WARN_ABOUT_RETURN_TYPE = YES_ERROR;
				GCC_WARN_UNDECLARED_SELECTOR = YES;
				GCC_WARN_UNINITIALIZED_AUTOS = YES_AGGRESSIVE;
				GCC_WARN_UNUSED_FUNCTION = YES;
				GCC_WARN_UNUSED_VARIABLE = YES;
				LOCALIZATION_PREFERS_STRING_CATALOGS = YES;
				MTL_ENABLE_DEBUG_INFO = NO;
				MTL_FAST_MATH = YES;
				STRING_CATALOG_GENERATE_SYMBOLS = YES;
				SWIFT_COMPILATION_MODE = wholemodule;
			};
			name = Release;
		};
		2B9630AF2B143F15002E853B /* Debug */ = {
			isa = XCBuildConfiguration;
			buildSettings = {
				ASSETCATALOG_COMPILER_APPICON_NAME = AppIcon;
				ASSETCATALOG_COMPILER_GLOBAL_ACCENT_COLOR_NAME = AccentColor;
				CODE_SIGN_ENTITLEMENTS = "Sex Stories/Sex_Stories.entitlements";
				CODE_SIGN_STYLE = Automatic;
				CURRENT_PROJECT_VERSION = 1;
				DEAD_CODE_STRIPPING = YES;
				DEVELOPMENT_ASSET_PATHS = "\"Sex Stories/Preview Content\"";
				DEVELOPMENT_TEAM = GNTHX6WSUW;
				ENABLE_APP_SANDBOX = YES;
				ENABLE_HARDENED_RUNTIME = YES;
				ENABLE_PREVIEWS = YES;
				ENABLE_USER_SELECTED_FILES = readonly;
				GENERATE_INFOPLIST_FILE = YES;
				"INFOPLIST_KEY_UIApplicationSceneManifest_Generation[sdk=iphoneos*]" = YES;
				"INFOPLIST_KEY_UIApplicationSceneManifest_Generation[sdk=iphonesimulator*]" = YES;
				"INFOPLIST_KEY_UIApplicationSupportsIndirectInputEvents[sdk=iphoneos*]" = YES;
				"INFOPLIST_KEY_UIApplicationSupportsIndirectInputEvents[sdk=iphonesimulator*]" = YES;
				"INFOPLIST_KEY_UILaunchScreen_Generation[sdk=iphoneos*]" = YES;
				"INFOPLIST_KEY_UILaunchScreen_Generation[sdk=iphonesimulator*]" = YES;
				"INFOPLIST_KEY_UIStatusBarStyle[sdk=iphoneos*]" = UIStatusBarStyleDefault;
				"INFOPLIST_KEY_UIStatusBarStyle[sdk=iphonesimulator*]" = UIStatusBarStyleDefault;
				INFOPLIST_KEY_UISupportedInterfaceOrientations_iPad = "UIInterfaceOrientationPortrait UIInterfaceOrientationPortraitUpsideDown UIInterfaceOrientationLandscapeLeft UIInterfaceOrientationLandscapeRight";
				INFOPLIST_KEY_UISupportedInterfaceOrientations_iPhone = "UIInterfaceOrientationPortrait UIInterfaceOrientationLandscapeLeft UIInterfaceOrientationLandscapeRight";
				IPHONEOS_DEPLOYMENT_TARGET = 26.0;
				LD_RUNPATH_SEARCH_PATHS = "@executable_path/Frameworks";
				"LD_RUNPATH_SEARCH_PATHS[sdk=macosx*]" = "@executable_path/../Frameworks";
				MACOSX_DEPLOYMENT_TARGET = 26.0;
				MARKETING_VERSION = 1.0;
				PRODUCT_BUNDLE_IDENTIFIER = "dev.boiseitguru.Sex-Stories";
				PRODUCT_NAME = "$(TARGET_NAME)";
				SDKROOT = auto;
				SUPPORTED_PLATFORMS = "iphoneos iphonesimulator macosx";
				SWIFT_EMIT_LOC_STRINGS = YES;
				SWIFT_VERSION = 5.0;
				TARGETED_DEVICE_FAMILY = "1,2";
			};
			name = Debug;
		};
		2B9630B02B143F15002E853B /* Release */ = {
			isa = XCBuildConfiguration;
			buildSettings = {
				ASSETCATALOG_COMPILER_APPICON_NAME = AppIcon;
				ASSETCATALOG_COMPILER_GLOBAL_ACCENT_COLOR_NAME = AccentColor;
				CODE_SIGN_ENTITLEMENTS = "Sex Stories/Sex_Stories.entitlements";
				CODE_SIGN_STYLE = Automatic;
				CURRENT_PROJECT_VERSION = 1;
				DEAD_CODE_STRIPPING = YES;
				DEVELOPMENT_ASSET_PATHS = "\"Sex Stories/Preview Content\"";
				DEVELOPMENT_TEAM = GNTHX6WSUW;
				ENABLE_APP_SANDBOX = YES;
				ENABLE_HARDENED_RUNTIME = YES;
				ENABLE_PREVIEWS = YES;
				ENABLE_USER_SELECTED_FILES = readonly;
				GENERATE_INFOPLIST_FILE = YES;
				"INFOPLIST_KEY_UIApplicationSceneManifest_Generation[sdk=iphoneos*]" = YES;
				"INFOPLIST_KEY_UIApplicationSceneManifest_Generation[sdk=iphonesimulator*]" = YES;
				"INFOPLIST_KEY_UIApplicationSupportsIndirectInputEvents[sdk=iphoneos*]" = YES;
				"INFOPLIST_KEY_UIApplicationSupportsIndirectInputEvents[sdk=iphonesimulator*]" = YES;
				"INFOPLIST_KEY_UILaunchScreen_Generation[sdk=iphoneos*]" = YES;
				"INFOPLIST_KEY_UILaunchScreen_Generation[sdk=iphonesimulator*]" = YES;
				"INFOPLIST_KEY_UIStatusBarStyle[sdk=iphoneos*]" = UIStatusBarStyleDefault;
				"INFOPLIST_KEY_UIStatusBarStyle[sdk=iphonesimulator*]" = UIStatusBarStyleDefault;
				INFOPLIST_KEY_UISupportedInterfaceOrientations_iPad = "UIInterfaceOrientationPortrait UIInterfaceOrientationPortraitUpsideDown UIInterfaceOrientationLandscapeLeft UIInterfaceOrientationLandscapeRight";
				INFOPLIST_KEY_UISupportedInterfaceOrientations_iPhone = "UIInterfaceOrientationPortrait UIInterfaceOrientationLandscapeLeft UIInterfaceOrientationLandscapeRight";
				IPHONEOS_DEPLOYMENT_TARGET = 26.0;
				LD_RUNPATH_SEARCH_PATHS = "@executable_path/Frameworks";
				"LD_RUNPATH_SEARCH_PATHS[sdk=macosx*]" = "@executable_path/../Frameworks";
				MACOSX_DEPLOYMENT_TARGET = 26.0;
				MARKETING_VERSION = 1.0;
				PRODUCT_BUNDLE_IDENTIFIER = "dev.boiseitguru.Sex-Stories";
				PRODUCT_NAME = "$(TARGET_NAME)";
				SDKROOT = auto;
				SUPPORTED_PLATFORMS = "iphoneos iphonesimulator macosx";
				SWIFT_EMIT_LOC_STRINGS = YES;
				SWIFT_VERSION = 5.0;
				TARGETED_DEVICE_FAMILY = "1,2";
			};
			name = Release;
		};
/* End XCBuildConfiguration section */

/* Begin XCConfigurationList section */
		2B96309A2B143F14002E853B /* Build configuration list for PBXProject "Sex Stories" */ = {
			isa = XCConfigurationList;
			buildConfigurations = (
				2B9630AC2B143F15002E853B /* Debug */,
				2B9630AD2B143F15002E853B /* Release */,
			);
			defaultConfigurationIsVisible = 0;
			defaultConfigurationName = Release;
		};
		2B9630AE2B143F15002E853B /* Build configuration list for PBXNativeTarget "Sex Stories" */ = {
			isa = XCConfigurationList;
			buildConfigurations = (
				2B9630AF2B143F15002E853B /* Debug */,
				2B9630B02B143F15002E853B /* Release */,
			);
			defaultConfigurationIsVisible = 0;
			defaultConfigurationName = Release;
		};
/* End XCConfigurationList section */

/* Begin XCRemoteSwiftPackageReference section */
		2B9630B12B143F52002E853B /* XCRemoteSwiftPackageReference "SwiftSoup" */ = {
			isa = XCRemoteSwiftPackageReference;
			repositoryURL = "https://github.com/scinfu/SwiftSoup";
			requirement = {
				kind = upToNextMajorVersion;
				minimumVersion = 2.6.1;
			};
		};
/* End XCRemoteSwiftPackageReference section */

/* Begin XCSwiftPackageProductDependency section */
		2B9630B22B143F52002E853B /* SwiftSoup */ = {
			isa = XCSwiftPackageProductDependency;
			package = 2B9630B12B143F52002E853B /* XCRemoteSwiftPackageReference "SwiftSoup" */;
			productName = SwiftSoup;
		};
/* End XCSwiftPackageProductDependency section */
	};
	rootObject = 2B9630972B143F14002E853B /* Project object */;
}
