// !$*UTF8*$!
{
	archiveVersion = 1;
	classes = {
	};
	objectVersion = 56;
	objects = {

/* Begin PBXBuildFile section */
		2B9630B32B143F52002E853B /* SwiftSoup in Frameworks */ = {isa = PBXBuildFile; productRef = 2B9630B22B143F52002E853B /* SwiftSoup */; };
		BB479FCD2F9980B500E2BFD7 /* RouterView.swift in Sources */ = {isa = PBXBuildFile; fileRef = BB479FC02F9980B500E2BFD7 /* RouterView.swift */; };
		BB479FCE2F9980B500E2BFD7 /* SidebarView.swift in Sources */ = {isa = PBXBuildFile; fileRef = BB479FBC2F9980B500E2BFD7 /* SidebarView.swift */; };
		BB479FCF2F9980B500E2BFD7 /* ResponsiveView.swift in Sources */ = {isa = PBXBuildFile; fileRef = BB479FC52F9980B500E2BFD7 /* ResponsiveView.swift */; };
		BB479FD02F9980B500E2BFD7 /* StoryCacheStore.swift in Sources */ = {isa = PBXBuildFile; fileRef = BB479FB62F9980B500E2BFD7 /* StoryCacheStore.swift */; };
		BB479FD12F9980B500E2BFD7 /* BrowsePageView.swift in Sources */ = {isa = PBXBuildFile; fileRef = BB479FC22F9980B500E2BFD7 /* BrowsePageView.swift */; };
		BB479FD22F9980B500E2BFD7 /* LibraryView.swift in Sources */ = {isa = PBXBuildFile; fileRef = BB479FBF2F9980B500E2BFD7 /* LibraryView.swift */; };
		BB479FD32F9980B500E2BFD7 /* StoryReaderViewModel.swift in Sources */ = {isa = PBXBuildFile; fileRef = BB479FBA2F9980B500E2BFD7 /* StoryReaderViewModel.swift */; };
		BB479FD42F9980B500E2BFD7 /* HeaderView.swift in Sources */ = {isa = PBXBuildFile; fileRef = BB479FBE2F9980B500E2BFD7 /* HeaderView.swift */; };
		BB479FD52F9980B500E2BFD7 /* ContentView.swift in Sources */ = {isa = PBXBuildFile; fileRef = BB479FC32F9980B500E2BFD7 /* ContentView.swift */; };
		BB479FD62F9980B500E2BFD7 /* FilterSheetView.swift in Sources */ = {isa = PBXBuildFile; fileRef = BB479FC42F9980B500E2BFD7 /* FilterSheetView.swift */; };
		BB479FD72F9980B500E2BFD7 /* AppProperties.swift in Sources */ = {isa = PBXBuildFile; fileRef = BB479FB82F9980B500E2BFD7 /* AppProperties.swift */; };
		BB479FD82F9980B500E2BFD7 /* SettingsView.swift in Sources */ = {isa = PBXBuildFile; fileRef = BB479FC62F9980B500E2BFD7 /* SettingsView.swift */; };
		BB479FD92F9980B500E2BFD7 /* ReaderBookmarkStore.swift in Sources */ = {isa = PBXBuildFile; fileRef = BB479FB52F9980B500E2BFD7 /* ReaderBookmarkStore.swift */; };
		BB479FDA2F9980B500E2BFD7 /* ReaderBookmark.swift in Sources */ = {isa = PBXBuildFile; fileRef = BB479FAF2F9980B500E2BFD7 /* ReaderBookmark.swift */; };
		BB479FDB2F9980B500E2BFD7 /* ReaderPreferences.swift in Sources */ = {isa = PBXBuildFile; fileRef = BB479FB02F9980B500E2BFD7 /* ReaderPreferences.swift */; };
		BB479FDC2F9980B500E2BFD7 /* ScrapperViewModel.swift in Sources */ = {isa = PBXBuildFile; fileRef = BB479FB92F9980B500E2BFD7 /* ScrapperViewModel.swift */; };
		BB479FDD2F9980B500E2BFD7 /* StoryReaderView.swift in Sources */ = {isa = PBXBuildFile; fileRef = BB479FC72F9980B500E2BFD7 /* StoryReaderView.swift */; };
		BB479FDE2F9980B500E2BFD7 /* Velvet_PagesApp.swift in Sources */ = {isa = PBXBuildFile; fileRef = BB479FCB2F9980B500E2BFD7 /* Velvet_PagesApp.swift */; };
		BB479FDF2F9980B500E2BFD7 /* StoryCacheModels.swift in Sources */ = {isa = PBXBuildFile; fileRef = BB479FB12F9980B500E2BFD7 /* StoryCacheModels.swift */; };
		BB479FE02F9980B500E2BFD7 /* Assets.xcassets in Resources */ = {isa = PBXBuildFile; fileRef = BB479FC92F9980B500E2BFD7 /* Assets.xcassets */; };
		BB479FE12F9980B500E2BFD7 /* Preview Assets.xcassets in Resources */ = {isa = PBXBuildFile; fileRef = BB479FB32F9980B500E2BFD7 /* Preview Assets.xcassets */; };
/* End PBXBuildFile section */

/* Begin PBXFileReference section */
		2B96309F2B143F14002E853B /* Velvet Pages.app */ = {isa = PBXFileReference; explicitFileType = wrapper.application; includeInIndex = 0; path = "Velvet Pages.app"; sourceTree = BUILT_PRODUCTS_DIR; };
		BB479FAF2F9980B500E2BFD7 /* ReaderBookmark.swift */ = {isa = PBXFileReference; lastKnownFileType = sourcecode.swift; path = ReaderBookmark.swift; sourceTree = "<group>"; };
		BB479FB02F9980B500E2BFD7 /* ReaderPreferences.swift */ = {isa = PBXFileReference; lastKnownFileType = sourcecode.swift; path = ReaderPreferences.swift; sourceTree = "<group>"; };
		BB479FB12F9980B500E2BFD7 /* StoryCacheModels.swift */ = {isa = PBXFileReference; lastKnownFileType = sourcecode.swift; path = StoryCacheModels.swift; sourceTree = "<group>"; };
		BB479FB32F9980B500E2BFD7 /* Preview Assets.xcassets */ = {isa = PBXFileReference; lastKnownFileType = folder.assetcatalog; path = "Preview Assets.xcassets"; sourceTree = "<group>"; };
		BB479FB52F9980B500E2BFD7 /* ReaderBookmarkStore.swift */ = {isa = PBXFileReference; lastKnownFileType = sourcecode.swift; path = ReaderBookmarkStore.swift; sourceTree = "<group>"; };
		BB479FB62F9980B500E2BFD7 /* StoryCacheStore.swift */ = {isa = PBXFileReference; lastKnownFileType = sourcecode.swift; path = StoryCacheStore.swift; sourceTree = "<group>"; };
		BB479FB82F9980B500E2BFD7 /* AppProperties.swift */ = {isa = PBXFileReference; lastKnownFileType = sourcecode.swift; path = AppProperties.swift; sourceTree = "<group>"; };
		BB479FB92F9980B500E2BFD7 /* ScrapperViewModel.swift */ = {isa = PBXFileReference; lastKnownFileType = sourcecode.swift; path = ScrapperViewModel.swift; sourceTree = "<group>"; };
		BB479FBA2F9980B500E2BFD7 /* StoryReaderViewModel.swift */ = {isa = PBXFileReference; lastKnownFileType = sourcecode.swift; path = StoryReaderViewModel.swift; sourceTree = "<group>"; };
		BB479FBC2F9980B500E2BFD7 /* SidebarView.swift */ = {isa = PBXFileReference; lastKnownFileType = sourcecode.swift; path = SidebarView.swift; sourceTree = "<group>"; };
		BB479FBE2F9980B500E2BFD7 /* HeaderView.swift */ = {isa = PBXFileReference; lastKnownFileType = sourcecode.swift; path = HeaderView.swift; sourceTree = "<group>"; };
		BB479FBF2F9980B500E2BFD7 /* LibraryView.swift */ = {isa = PBXFileReference; lastKnownFileType = sourcecode.swift; path = LibraryView.swift; sourceTree = "<group>"; };
		BB479FC02F9980B500E2BFD7 /* RouterView.swift */ = {isa = PBXFileReference; lastKnownFileType = sourcecode.swift; path = RouterView.swift; sourceTree = "<group>"; };
		BB479FC22F9980B500E2BFD7 /* BrowsePageView.swift */ = {isa = PBXFileReference; lastKnownFileType = sourcecode.swift; path = BrowsePageView.swift; sourceTree = "<group>"; };
		BB479FC32F9980B500E2BFD7 /* ContentView.swift */ = {isa = PBXFileReference; lastKnownFileType = sourcecode.swift; path = ContentView.swift; sourceTree = "<group>"; };
		BB479FC42F9980B500E2BFD7 /* FilterSheetView.swift */ = {isa = PBXFileReference; lastKnownFileType = sourcecode.swift; path = FilterSheetView.swift; sourceTree = "<group>"; };
		BB479FC52F9980B500E2BFD7 /* ResponsiveView.swift */ = {isa = PBXFileReference; lastKnownFileType = sourcecode.swift; path = ResponsiveView.swift; sourceTree = "<group>"; };
		BB479FC62F9980B500E2BFD7 /* SettingsView.swift */ = {isa = PBXFileReference; lastKnownFileType = sourcecode.swift; path = SettingsView.swift; sourceTree = "<group>"; };
		BB479FC72F9980B500E2BFD7 /* StoryReaderView.swift */ = {isa = PBXFileReference; lastKnownFileType = sourcecode.swift; path = StoryReaderView.swift; sourceTree = "<group>"; };
		BB479FC92F9980B500E2BFD7 /* Assets.xcassets */ = {isa = PBXFileReference; lastKnownFileType = folder.assetcatalog; path = Assets.xcassets; sourceTree = "<group>"; };
		BB479FCA2F9980B500E2BFD7 /* Velvet_Pages.entitlements */ = {isa = PBXFileReference; lastKnownFileType = text.plist.entitlements; path = Velvet_Pages.entitlements; sourceTree = "<group>"; };
		BB479FCB2F9980B500E2BFD7 /* Velvet_PagesApp.swift */ = {isa = PBXFileReference; lastKnownFileType = sourcecode.swift; path = Velvet_PagesApp.swift; sourceTree = "<group>"; };
/* End PBXFileReference section */

/* Begin PBXFrameworksBuildPhase section */
		2B96309C2B143F14002E853B /* Frameworks */ = {
			isa = PBXFrameworksBuildPhase;
			buildActionMask = 2147483647;
			files = (
				2B9630B32B143F52002E853B /* SwiftSoup in Frameworks */,
			);
			runOnlyForDeploymentPostprocessing = 0;
		};
/* End PBXFrameworksBuildPhase section */

/* Begin PBXGroup section */
		2B9630962B143F14002E853B = {
			isa = PBXGroup;
			children = (
				BB479FCC2F9980B500E2BFD7 /* Velvet Pages */,
				2B9630A02B143F14002E853B /* Products */,
			);
			sourceTree = "<group>";
		};
		2B9630A02B143F14002E853B /* Products */ = {
			isa = PBXGroup;
			children = (
				2B96309F2B143F14002E853B /* Velvet Pages.app */,
			);
			name = Products;
			sourceTree = "<group>";
		};
		BB479FB22F9980B500E2BFD7 /* Models */ = {
			isa = PBXGroup;
			children = (
				BB479FAF2F9980B500E2BFD7 /* ReaderBookmark.swift */,
				BB479FB02F9980B500E2BFD7 /* ReaderPreferences.swift */,
				BB479FB12F9980B500E2BFD7 /* StoryCacheModels.swift */,
			);
			path = Models;
			sourceTree = "<group>";
		};
		BB479FB42F9980B500E2BFD7 /* Preview Content */ = {
			isa = PBXGroup;
			children = (
				BB479FB32F9980B500E2BFD7 /* Preview Assets.xcassets */,
			);
			path = "Preview Content";
			sourceTree = "<group>";
		};
		BB479FB72F9980B500E2BFD7 /* Services */ = {
			isa = PBXGroup;
			children = (
				BB479FB52F9980B500E2BFD7 /* ReaderBookmarkStore.swift */,
				BB479FB62F9980B500E2BFD7 /* StoryCacheStore.swift */,
			);
			path = Services;
			sourceTree = "<group>";
		};
		BB479FBB2F9980B500E2BFD7 /* View Models */ = {
			isa = PBXGroup;
			children = (
				BB479FB82F9980B500E2BFD7 /* AppProperties.swift */,
				BB479FB92F9980B500E2BFD7 /* ScrapperViewModel.swift */,
				BB479FBA2F9980B500E2BFD7 /* StoryReaderViewModel.swift */,
			);
			path = "View Models";
			sourceTree = "<group>";
		};
		BB479FBD2F9980B500E2BFD7 /* Menu Views */ = {
			isa = PBXGroup;
			children = (
				BB479FBC2F9980B500E2BFD7 /* SidebarView.swift */,
			);
			path = "Menu Views";
			sourceTree = "<group>";
		};
		BB479FC12F9980B500E2BFD7 /* Router Views */ = {
			isa = PBXGroup;
			children = (
				BB479FBE2F9980B500E2BFD7 /* HeaderView.swift */,
				BB479FBF2F9980B500E2BFD7 /* LibraryView.swift */,
				BB479FC02F9980B500E2BFD7 /* RouterView.swift */,
			);
			path = "Router Views";
			sourceTree = "<group>";
		};
		BB479FC82F9980B500E2BFD7 /* Views */ = {
			isa = PBXGroup;
			children = (
				BB479FBD2F9980B500E2BFD7 /* Menu Views */,
				BB479FC12F9980B500E2BFD7 /* Router Views */,
				BB479FC22F9980B500E2BFD7 /* BrowsePageView.swift */,
				BB479FC32F9980B500E2BFD7 /* ContentView.swift */,
				BB479FC42F9980B500E2BFD7 /* FilterSheetView.swift */,
				BB479FC52F9980B500E2BFD7 /* ResponsiveView.swift */,
				BB479FC62F9980B500E2BFD7 /* SettingsView.swift */,
				BB479FC72F9980B500E2BFD7 /* StoryReaderView.swift */,
			);
			path = Views;
			sourceTree = "<group>";
		};
		BB479FCC2F9980B500E2BFD7 /* Velvet Pages */ = {
			isa = PBXGroup;
			children = (
				BB479FB22F9980B500E2BFD7 /* Models */,
				BB479FB42F9980B500E2BFD7 /* Preview Content */,
				BB479FB72F9980B500E2BFD7 /* Services */,
				BB479FBB2F9980B500E2BFD7 /* View Models */,
				BB479FC82F9980B500E2BFD7 /* Views */,
				BB479FC92F9980B500E2BFD7 /* Assets.xcassets */,
				BB479FCA2F9980B500E2BFD7 /* Velvet_Pages.entitlements */,
				BB479FCB2F9980B500E2BFD7 /* Velvet_PagesApp.swift */,
			);
			path = "Velvet Pages";
			sourceTree = "<group>";
		};
/* End PBXGroup section */

/* Begin PBXNativeTarget section */
		2B96309E2B143F14002E853B /* Velvet Pages */ = {
			isa = PBXNativeTarget;
			buildConfigurationList = 2B9630AE2B143F15002E853B /* Build configuration list for PBXNativeTarget "Velvet Pages" */;
			buildPhases = (
				2B96309B2B143F14002E853B /* Sources */,
				2B96309C2B143F14002E853B /* Frameworks */,
				2B96309D2B143F14002E853B /* Resources */,
			);
			buildRules = (
			);
			dependencies = (
			);
			name = "Velvet Pages";
			packageProductDependencies = (
				2B9630B22B143F52002E853B /* SwiftSoup */,
			);
			productName = "Sex Stories";
			productReference = 2B96309F2B143F14002E853B /* Velvet Pages.app */;
			productType = "com.apple.product-type.application";
		};
/* End PBXNativeTarget section */

/* Begin PBXProject section */
		2B9630972B143F14002E853B /* Project object */ = {
			isa = PBXProject;
			attributes = {
				BuildIndependentTargetsInParallel = 1;
				LastSwiftUpdateCheck = 1500;
				LastUpgradeCheck = 2600;
				TargetAttributes = {
					2B96309E2B143F14002E853B = {
						CreatedOnToolsVersion = 15.0;
					};
				};
			};
			buildConfigurationList = 2B96309A2B143F14002E853B /* Build configuration list for PBXProject "Velvet Pages" */;
			compatibilityVersion = "Xcode 14.0";
			developmentRegion = en;
			hasScannedForEncodings = 0;
			knownRegions = (
				en,
				Base,
			);
			mainGroup = 2B9630962B143F14002E853B;
			packageReferences = (
				2B9630B12B143F52002E853B /* XCRemoteSwiftPackageReference "SwiftSoup" */,
			);
			productRefGroup = 2B9630A02B143F14002E853B /* Products */;
			projectDirPath = "";
			projectRoot = "";
			targets = (
				2B96309E2B143F14002E853B /* Velvet Pages */,
			);
		};
/* End PBXProject section */

/* Begin PBXResourcesBuildPhase section */
		2B96309D2B143F14002E853B /* Resources */ = {
			isa = PBXResourcesBuildPhase;
			buildActionMask = 2147483647;
			files = (
				BB479FE02F9980B500E2BFD7 /* Assets.xcassets in Resources */,
				BB479FE12F9980B500E2BFD7 /* Preview Assets.xcassets in Resources */,
			);
			runOnlyForDeploymentPostprocessing = 0;
		};
/* End PBXResourcesBuildPhase section */

/* Begin PBXSourcesBuildPhase section */
		2B96309B2B143F14002E853B /* Sources */ = {
			isa = PBXSourcesBuildPhase;
			buildActionMask = 2147483647;
			files = (
				BB479FCD2F9980B500E2BFD7 /* RouterView.swift in Sources */,
				BB479FCE2F9980B500E2BFD7 /* SidebarView.swift in Sources */,
				BB479FCF2F9980B500E2BFD7 /* ResponsiveView.swift in Sources */,
				BB479FD02F9980B500E2BFD7 /* StoryCacheStore.swift in Sources */,
				BB479FD12F9980B500E2BFD7 /* BrowsePageView.swift in Sources */,
				BB479FD22F9980B500E2BFD7 /* LibraryView.swift in Sources */,
				BB479FD32F9980B500E2BFD7 /* StoryReaderViewModel.swift in Sources */,
				BB479FD42F9980B500E2BFD7 /* HeaderView.swift in Sources */,
				BB479FD52F9980B500E2BFD7 /* ContentView.swift in Sources */,
				BB479FD62F9980B500E2BFD7 /* FilterSheetView.swift in Sources */,
				BB479FD72F9980B500E2BFD7 /* AppProperties.swift in Sources */,
				BB479FD82F9980B500E2BFD7 /* SettingsView.swift in Sources */,
				BB479FD92F9980B500E2BFD7 /* ReaderBookmarkStore.swift in Sources */,
				BB479FDA2F9980B500E2BFD7 /* ReaderBookmark.swift in Sources */,
				BB479FDB2F9980B500E2BFD7 /* ReaderPreferences.swift in Sources */,
				BB479FDC2F9980B500E2BFD7 /* ScrapperViewModel.swift in Sources */,
				BB479FDD2F9980B500E2BFD7 /* StoryReaderView.swift in Sources */,
				BB479FDE2F9980B500E2BFD7 /* Velvet_PagesApp.swift in Sources */,
				BB479FDF2F9980B500E2BFD7 /* StoryCacheModels.swift in Sources */,
			);
			runOnlyForDeploymentPostprocessing = 0;
		};
/* End PBXSourcesBuildPhase section */

/* Begin XCBuildConfiguration section */
		2B9630AC2B143F15002E853B /* Debug */ = {
			isa = XCBuildConfiguration;
			buildSettings = {
				ALWAYS_SEARCH_USER_PATHS = NO;
				ASSETCATALOG_COMPILER_GENERATE_SWIFT_ASSET_SYMBOL_EXTENSIONS = YES;
				CLANG_ANALYZER_NONNULL = YES;
				CLANG_ANALYZER_NUMBER_OBJECT_CONVERSION = YES_AGGRESSIVE;
				CLANG_CXX_LANGUAGE_STANDARD = "gnu++20";
				CLANG_ENABLE_MODULES = YES;
				CLANG_ENABLE_OBJC_ARC = YES;
				CLANG_ENABLE_OBJC_WEAK = YES;
				CLANG_WARN_BLOCK_CAPTURE_AUTORELEASING = YES;
				CLANG_WARN_BOOL_CONVERSION = YES;
				CLANG_WARN_COMMA = YES;
				CLANG_WARN_CONSTANT_CONVERSION = YES;
				CLANG_WARN_DEPRECATED_OBJC_IMPLEMENTATIONS = YES;
				CLANG_WARN_DIRECT_OBJC_ISA_USAGE = YES_ERROR;
				CLANG_WARN_DOCUMENTATION_COMMENTS = YES;
				CLANG_WARN_EMPTY_BODY = YES;
				CLANG_WARN_ENUM_CONVERSION = YES;
				CLANG_WARN_INFINITE_RECURSION = YES;
				CLANG_WARN_INT_CONVERSION = YES;
				CLANG_WARN_NON_LITERAL_NULL_CONVERSION = YES;
				CLANG_WARN_OBJC_IMPLICIT_RETAIN_SELF = YES;
				CLANG_WARN_OBJC_LITERAL_CONVERSION = YES;
				CLANG_WARN_OBJC_ROOT_CLASS = YES_ERROR;
				CLANG_WARN_QUOTED_INCLUDE_IN_FRAMEWORK_HEADER = YES;
				CLANG_WARN_RANGE_LOOP_ANALYSIS = YES;
				CLANG_WARN_STRICT_PROTOTYPES = YES;
				CLANG_WARN_SUSPICIOUS_MOVE = YES;
				CLANG_WARN_UNGUARDED_AVAILABILITY = YES_AGGRESSIVE;
				CLANG_WARN_UNREACHABLE_CODE = YES;
				CLANG_WARN__DUPLICATE_METHOD_MATCH = YES;
				COPY_PHASE_STRIP = NO;
				DEAD_CODE_STRIPPING = YES;
				DEBUG_INFORMATION_FORMAT = dwarf;
				DEVELOPMENT_TEAM = GNTHX6WSUW;
				ENABLE_STRICT_OBJC_MSGSEND = YES;
				ENABLE_TESTABILITY = YES;
				ENABLE_USER_SCRIPT_SANDBOXING = YES;
				GCC_C_LANGUAGE_STANDARD = gnu17;
				GCC_DYNAMIC_NO_PIC = NO;
				GCC_NO_COMMON_BLOCKS = YES;
				GCC_OPTIMIZATION_LEVEL = 0;
				GCC_PREPROCESSOR_DEFINITIONS = (
					"DEBUG=1",
					"$(inherited)",
				);
				GCC_WARN_64_TO_32_BIT_CONVERSION = YES;
				GCC_WARN_ABOUT_RETURN_TYPE = YES_ERROR;
				GCC_WARN_UNDECLARED_SELECTOR = YES;
				GCC_WARN_UNINITIALIZED_AUTOS = YES_AGGRESSIVE;
				GCC_WARN_UNUSED_FUNCTION = YES;
				GCC_WARN_UNUSED_VARIABLE = YES;
				LOCALIZATION_PREFERS_STRING_CATALOGS = YES;
				MTL_ENABLE_DEBUG_INFO = INCLUDE_SOURCE;
				MTL_FAST_MATH = YES;
				ONLY_ACTIVE_ARCH = YES;
				STRING_CATALOG_GENERATE_SYMBOLS = YES;
				SWIFT_ACTIVE_COMPILATION_CONDITIONS = "DEBUG $(inherited)";
				SWIFT_OPTIMIZATION_LEVEL = "-Onone";
			};
			name = Debug;
		};
		2B9630AD2B143F15002E853B /* Release */ = {
			isa = XCBuildConfiguration;
			buildSettings = {
				ALWAYS_SEARCH_USER_PATHS = NO;
				ASSETCATALOG_COMPILER_GENERATE_SWIFT_ASSET_SYMBOL_EXTENSIONS = YES;
				CLANG_ANALYZER_NONNULL = YES;
				CLANG_ANALYZER_NUMBER_OBJECT_CONVERSION = YES_AGGRESSIVE;
				CLANG_CXX_LANGUAGE_STANDARD = "gnu++20";
				CLANG_ENABLE_MODULES = YES;
				CLANG_ENABLE_OBJC_ARC = YES;
				CLANG_ENABLE_OBJC_WEAK = YES;
				CLANG_WARN_BLOCK_CAPTURE_AUTORELEASING = YES;
				CLANG_WARN_BOOL_CONVERSION = YES;
				CLANG_WARN_COMMA = YES;
				CLANG_WARN_CONSTANT_CONVERSION = YES;
				CLANG_WARN_DEPRECATED_OBJC_IMPLEMENTATIONS = YES;
				CLANG_WARN_DIRECT_OBJC_ISA_USAGE = YES_ERROR;
				CLANG_WARN_DOCUMENTATION_COMMENTS = YES;
				CLANG_WARN_EMPTY_BODY = YES;
				CLANG_WARN_ENUM_CONVERSION = YES;
				CLANG_WARN_INFINITE_RECURSION = YES;
				CLANG_WARN_INT_CONVERSION = YES;
				CLANG_WARN_NON_LITERAL_NULL_CONVERSION = YES;
				CLANG_WARN_OBJC_IMPLICIT_RETAIN_SELF = YES;
				CLANG_WARN_OBJC_LITERAL_CONVERSION = YES;
				CLANG_WARN_OBJC_ROOT_CLASS = YES_ERROR;
				CLANG_WARN_QUOTED_INCLUDE_IN_FRAMEWORK_HEADER = YES;
				CLANG_WARN_RANGE_LOOP_ANALYSIS = YES;
				CLANG_WARN_STRICT_PROTOTYPES = YES;
				CLANG_WARN_SUSPICIOUS_MOVE = YES;
				CLANG_WARN_UNGUARDED_AVAILABILITY = YES_AGGRESSIVE;
				CLANG_WARN_UNREACHABLE_CODE = YES;
				CLANG_WARN__DUPLICATE_METHOD_MATCH = YES;
				COPY_PHASE_STRIP = NO;
				DEAD_CODE_STRIPPING = YES;
				DEBUG_INFORMATION_FORMAT = "dwarf-with-dsym";
				DEVELOPMENT_TEAM = GNTHX6WSUW;
				ENABLE_NS_ASSERTIONS = NO;
				ENABLE_STRICT_OBJC_MSGSEND = YES;
				ENABLE_USER_SCRIPT_SANDBOXING = YES;
				GCC_C_LANGUAGE_STANDARD = gnu17;
				GCC_NO_COMMON_BLOCKS = YES;
				GCC_WARN_64_TO_32_BIT_CONVERSION = YES;
				GCC_WARN_ABOUT_RETURN_TYPE = YES_ERROR;
				GCC_WARN_UNDECLARED_SELECTOR = YES;
				GCC_WARN_UNINITIALIZED_AUTOS = YES_AGGRESSIVE;
				GCC_WARN_UNUSED_FUNCTION = YES;
				GCC_WARN_UNUSED_VARIABLE = YES;
				LOCALIZATION_PREFERS_STRING_CATALOGS = YES;
				MTL_ENABLE_DEBUG_INFO = NO;
				MTL_FAST_MATH = YES;
				STRING_CATALOG_GENERATE_SYMBOLS = YES;
				SWIFT_COMPILATION_MODE = wholemodule;
			};
			name = Release;
		};
		2B9630AF2B143F15002E853B /* Debug */ = {
			isa = XCBuildConfiguration;
			buildSettings = {
				ASSETCATALOG_COMPILER_APPICON_NAME = AppIcon;
				ASSETCATALOG_COMPILER_GLOBAL_ACCENT_COLOR_NAME = AccentColor;
				CODE_SIGN_ENTITLEMENTS = "Velvet Pages/Velvet_Pages.entitlements";
				CODE_SIGN_IDENTITY = "Apple Development";
				CODE_SIGN_STYLE = Automatic;
				CURRENT_PROJECT_VERSION = 1;
				DEAD_CODE_STRIPPING = YES;
				DEVELOPMENT_ASSET_PATHS = "\"Velvet Pages/Preview Content\"";
				DEVELOPMENT_TEAM = GNTHX6WSUW;
				ENABLE_APP_SANDBOX = YES;
				ENABLE_HARDENED_RUNTIME = YES;
				ENABLE_PREVIEWS = YES;
				ENABLE_USER_SELECTED_FILES = readonly;
				GENERATE_INFOPLIST_FILE = YES;
				"INFOPLIST_KEY_UIApplicationSceneManifest_Generation[sdk=iphoneos*]" = YES;
				"INFOPLIST_KEY_UIApplicationSceneManifest_Generation[sdk=iphonesimulator*]" = YES;
				"INFOPLIST_KEY_UIApplicationSupportsIndirectInputEvents[sdk=iphoneos*]" = YES;
				"INFOPLIST_KEY_UIApplicationSupportsIndirectInputEvents[sdk=iphonesimulator*]" = YES;
				"INFOPLIST_KEY_UILaunchScreen_Generation[sdk=iphoneos*]" = YES;
				"INFOPLIST_KEY_UILaunchScreen_Generation[sdk=iphonesimulator*]" = YES;
				"INFOPLIST_KEY_UIStatusBarStyle[sdk=iphoneos*]" = UIStatusBarStyleDefault;
				"INFOPLIST_KEY_UIStatusBarStyle[sdk=iphonesimulator*]" = UIStatusBarStyleDefault;
				INFOPLIST_KEY_UISupportedInterfaceOrientations_iPad = "UIInterfaceOrientationPortrait UIInterfaceOrientationPortraitUpsideDown UIInterfaceOrientationLandscapeLeft UIInterfaceOrientationLandscapeRight";
				INFOPLIST_KEY_UISupportedInterfaceOrientations_iPhone = "UIInterfaceOrientationPortrait UIInterfaceOrientationLandscapeLeft UIInterfaceOrientationLandscapeRight";
				IPHONEOS_DEPLOYMENT_TARGET = 26.0;
				LD_RUNPATH_SEARCH_PATHS = "@executable_path/Frameworks";
				"LD_RUNPATH_SEARCH_PATHS[sdk=macosx*]" = "@executable_path/../Frameworks";
				MACOSX_DEPLOYMENT_TARGET = 26.0;
				MARKETING_VERSION = 1.0;
				PRODUCT_BUNDLE_IDENTIFIER = "dev.boiseitguru.Sex-Stories";
				PRODUCT_NAME = "$(TARGET_NAME)";
				PROVISIONING_PROFILE_SPECIFIER = "";
				SDKROOT = auto;
				SUPPORTED_PLATFORMS = "iphoneos iphonesimulator macosx";
				SWIFT_EMIT_LOC_STRINGS = YES;
				SWIFT_VERSION = 5.0;
				TARGETED_DEVICE_FAMILY = "1,2";
			};
			name = Debug;
		};
		2B9630B02B143F15002E853B /* Release */ = {
			isa = XCBuildConfiguration;
			buildSettings = {
				ASSETCATALOG_COMPILER_APPICON_NAME = AppIcon;
				ASSETCATALOG_COMPILER_GLOBAL_ACCENT_COLOR_NAME = AccentColor;
				CODE_SIGN_ENTITLEMENTS = "Velvet Pages/Velvet_Pages.entitlements";
				CODE_SIGN_IDENTITY = "Apple Development";
				CODE_SIGN_STYLE = Automatic;
				CURRENT_PROJECT_VERSION = 1;
				DEAD_CODE_STRIPPING = YES;
				DEVELOPMENT_ASSET_PATHS = "\"Velvet Pages/Preview Content\"";
				DEVELOPMENT_TEAM = GNTHX6WSUW;
				ENABLE_APP_SANDBOX = YES;
				ENABLE_HARDENED_RUNTIME = YES;
				ENABLE_PREVIEWS = YES;
				ENABLE_USER_SELECTED_FILES = readonly;
				GENERATE_INFOPLIST_FILE = YES;
				"INFOPLIST_KEY_UIApplicationSceneManifest_Generation[sdk=iphoneos*]" = YES;
				"INFOPLIST_KEY_UIApplicationSceneManifest_Generation[sdk=iphonesimulator*]" = YES;
				"INFOPLIST_KEY_UIApplicationSupportsIndirectInputEvents[sdk=iphoneos*]" = YES;
				"INFOPLIST_KEY_UIApplicationSupportsIndirectInputEvents[sdk=iphonesimulator*]" = YES;
				"INFOPLIST_KEY_UILaunchScreen_Generation[sdk=iphoneos*]" = YES;
				"INFOPLIST_KEY_UILaunchScreen_Generation[sdk=iphonesimulator*]" = YES;
				"INFOPLIST_KEY_UIStatusBarStyle[sdk=iphoneos*]" = UIStatusBarStyleDefault;
				"INFOPLIST_KEY_UIStatusBarStyle[sdk=iphonesimulator*]" = UIStatusBarStyleDefault;
				INFOPLIST_KEY_UISupportedInterfaceOrientations_iPad = "UIInterfaceOrientationPortrait UIInterfaceOrientationPortraitUpsideDown UIInterfaceOrientationLandscapeLeft UIInterfaceOrientationLandscapeRight";
				INFOPLIST_KEY_UISupportedInterfaceOrientations_iPhone = "UIInterfaceOrientationPortrait UIInterfaceOrientationLandscapeLeft UIInterfaceOrientationLandscapeRight";
				IPHONEOS_DEPLOYMENT_TARGET = 26.0;
				LD_RUNPATH_SEARCH_PATHS = "@executable_path/Frameworks";
				"LD_RUNPATH_SEARCH_PATHS[sdk=macosx*]" = "@executable_path/../Frameworks";
				MACOSX_DEPLOYMENT_TARGET = 26.0;
				MARKETING_VERSION = 1.0;
				PRODUCT_BUNDLE_IDENTIFIER = "dev.boiseitguru.Sex-Stories";
				PRODUCT_NAME = "$(TARGET_NAME)";
				PROVISIONING_PROFILE_SPECIFIER = "";
				SDKROOT = auto;
				SUPPORTED_PLATFORMS = "iphoneos iphonesimulator macosx";
				SWIFT_EMIT_LOC_STRINGS = YES;
				SWIFT_VERSION = 5.0;
				TARGETED_DEVICE_FAMILY = "1,2";
			};
			name = Release;
		};
/* End XCBuildConfiguration section */

/* Begin XCConfigurationList section */
		2B96309A2B143F14002E853B /* Build configuration list for PBXProject "Velvet Pages" */ = {
			isa = XCConfigurationList;
			buildConfigurations = (
				2B9630AC2B143F15002E853B /* Debug */,
				2B9630AD2B143F15002E853B /* Release */,
			);
			defaultConfigurationIsVisible = 0;
			defaultConfigurationName = Release;
		};
		2B9630AE2B143F15002E853B /* Build configuration list for PBXNativeTarget "Velvet Pages" */ = {
			isa = XCConfigurationList;
			buildConfigurations = (
				2B9630AF2B143F15002E853B /* Debug */,
				2B9630B02B143F15002E853B /* Release */,
			);
			defaultConfigurationIsVisible = 0;
			defaultConfigurationName = Release;
		};
/* End XCConfigurationList section */

/* Begin XCRemoteSwiftPackageReference section */
		2B9630B12B143F52002E853B /* XCRemoteSwiftPackageReference "SwiftSoup" */ = {
			isa = XCRemoteSwiftPackageReference;
			repositoryURL = "https://github.com/scinfu/SwiftSoup";
			requirement = {
				kind = upToNextMajorVersion;
				minimumVersion = 2.6.1;
			};
		};
/* End XCRemoteSwiftPackageReference section */

/* Begin XCSwiftPackageProductDependency section */
		2B9630B22B143F52002E853B /* SwiftSoup */ = {
			isa = XCSwiftPackageProductDependency;
			package = 2B9630B12B143F52002E853B /* XCRemoteSwiftPackageReference "SwiftSoup" */;
			productName = SwiftSoup;
		};
/* End XCSwiftPackageProductDependency section */
	};
	rootObject = 2B9630972B143F14002E853B /* Project object */;
}
